
Microsoft Visual Studio Solution File, Format Version 12.00
# Visual Studio 2015
Project("{FAE04EC0-301F-11D3-BF4B-00C04F79EFBC}") = "myGame.CSharp", "myGame.CSharp.csproj", "{7ED8277E-01A0-C7E7-9984-662F939E1AF0}"
EndProject
Project("{FAE04EC0-301F-11D3-BF4B-00C04F79EFBC}") = "myGame.CSharp.Editor", "myGame.CSharp.Editor.csproj", "{ADCB635C-412C-DC55-C98A-CCF2CB74C70B}"
EndProject
Global
	GlobalSection(SolutionConfigurationPlatforms) = preSolution
		Debug|Any CPU = Debug|Any CPU
		Release|Any CPU = Release|Any CPU
	EndGlobalSection
	GlobalSection(ProjectConfigurationPlatforms) = postSolution
		{7ED8277E-01A0-C7E7-9984-662F939E1AF0}.Debug|Any CPU.ActiveCfg = Debug|Any CPU
		{7ED8277E-01A0-C7E7-9984-662F939E1AF0}.Debug|Any CPU.Build.0 = Debug|Any CPU
		{7ED8277E-01A0-C7E7-9984-662F939E1AF0}.Release|Any CPU.ActiveCfg = Release|Any CPU
		{7ED8277E-01A0-C7E7-9984-662F939E1AF0}.Release|Any CPU.Build.0 = Release|Any CPU
		{ADCB635C-412C-DC55-C98A-CCF2CB74C70B}.Debug|Any CPU.ActiveCfg = Debug|Any CPU
		{ADCB635C-412C-DC55-C98A-CCF2CB74C70B}.Debug|Any CPU.Build.0 = Debug|Any CPU
		{ADCB635C-412C-DC55-C98A-CCF2CB74C70B}.Release|Any CPU.ActiveCfg = Release|Any CPU
		{ADCB635C-412C-DC55-C98A-CCF2CB74C70B}.Release|Any CPU.Build.0 = Release|Any CPU
	EndGlobalSection
	GlobalSection(SolutionProperties) = preSolution
		HideSolutionNode = FALSE
	EndGlobalSection
EndGlobal
